
Microsoft Visual Studio Solution File, Format Version 12.00
# Visual Studio Version 17
VisualStudioVersion = 17.8.34511.84
MinimumVisualStudioVersion = 10.0.40219.1
Project("{FAE04EC0-301F-11D3-BF4B-00C04F79EFBC}") = "Comics&+", "Comics&+\Comics&+.csproj", "{C2F4CFF4-53B7-4546-A2D3-1C7E72202334}"
EndProject
Global
	GlobalSection(SolutionConfigurationPlatforms) = preSolution
		Debug|Any CPU = Debug|Any CPU
		Release|Any CPU = Release|Any CPU
	EndGlobalSection
	GlobalSection(ProjectConfigurationPlatforms) = postSolution
		{C2F4CFF4-53B7-4546-A2D3-1C7E72202334}.Debug|Any CPU.ActiveCfg = Debug|Any CPU
		{C2F4CFF4-53B7-4546-A2D3-1C7E72202334}.Debug|Any CPU.Build.0 = Debug|Any CPU
		{C2F4CFF4-53B7-4546-A2D3-1C7E72202334}.Release|Any CPU.ActiveCfg = Release|Any CPU
		{C2F4CFF4-53B7-4546-A2D3-1C7E72202334}.Release|Any CPU.Build.0 = Release|Any CPU
	EndGlobalSection
	GlobalSection(SolutionProperties) = preSolution
		HideSolutionNode = FALSE
	EndGlobalSection
	GlobalSection(ExtensibilityGlobals) = postSolution
		SolutionGuid = {2645804B-E24E-4412-9D1E-F4B47CDB5EA4}
	EndGlobalSection
EndGlobal
